{
  "name": "GitHack-master",
  "lockfileVersion": 3,
  "requires": true,
  "packages": {
    "": {
      "dependencies": {
        "urlparse": "^0.0.1"
      }
    },
    "node_modules/urlparse": {
      "version": "0.0.1",
      "resolved": "https://registry.npmjs.org/urlparse/-/urlparse-0.0.1.tgz",
      "integrity": "sha512-jPwM5DiFgsoHY97Txn/cKnOgogOCs9/FxPmfF5ZpP9aaIyRSMuqkSo52YgoYeBPYfsTW7bEn1hghpW5itCzeZA==",
      "engines": {
        "node": ">=0.4.7"
      }
    }
  }
}
